
Microsoft Visual Studio Solution File, Format Version 12.00
# Visual Studio 15
VisualStudioVersion = 15.0.28010.2046
MinimumVisualStudioVersion = 10.0.40219.1
Project("{FAE04EC0-301F-11D3-BF4B-00C04F79EFBC}") = "MVC_Oracle", "MVC_Oracle\MVC_Oracle.csproj", "{AFA98BAA-8B9C-459F-8448-37C8D486A4A3}"
EndProject
Global
	GlobalSection(SolutionConfigurationPlatforms) = preSolution
		Debug|Any CPU = Debug|Any CPU
		Release|Any CPU = Release|Any CPU
	EndGlobalSection
	GlobalSection(ProjectConfigurationPlatforms) = postSolution
		{AFA98BAA-8B9C-459F-8448-37C8D486A4A3}.Debug|Any CPU.ActiveCfg = Debug|Any CPU
		{AFA98BAA-8B9C-459F-8448-37C8D486A4A3}.Debug|Any CPU.Build.0 = Debug|Any CPU
		{AFA98BAA-8B9C-459F-8448-37C8D486A4A3}.Release|Any CPU.ActiveCfg = Release|Any CPU
		{AFA98BAA-8B9C-459F-8448-37C8D486A4A3}.Release|Any CPU.Build.0 = Release|Any CPU
	EndGlobalSection
	GlobalSection(SolutionProperties) = preSolution
		HideSolutionNode = FALSE
	EndGlobalSection
	GlobalSection(ExtensibilityGlobals) = postSolution
		SolutionGuid = {5F2C61B3-CFB0-43AB-A311-7D496DA9901C}
	EndGlobalSection
EndGlobal
